
Microsoft Visual Studio Solution File, Format Version 12.00
# Visual Studio Version 16
VisualStudioVersion = 16.0.30611.23
MinimumVisualStudioVersion = 10.0.40219.1
Project("{FAE04EC0-301F-11D3-BF4B-00C04F79EFBC}") = "Cyrella", "Cyrella\Cyrella.csproj", "{24A82FA5-BDDB-4997-AE3A-29D1CDF6E4A2}"
EndProject
Global
	GlobalSection(SolutionConfigurationPlatforms) = preSolution
		Debug|Any CPU = Debug|Any CPU
		Release|Any CPU = Release|Any CPU
	EndGlobalSection
	GlobalSection(ProjectConfigurationPlatforms) = postSolution
		{24A82FA5-BDDB-4997-AE3A-29D1CDF6E4A2}.Debug|Any CPU.ActiveCfg = Debug|Any CPU
		{24A82FA5-BDDB-4997-AE3A-29D1CDF6E4A2}.Debug|Any CPU.Build.0 = Debug|Any CPU
		{24A82FA5-BDDB-4997-AE3A-29D1CDF6E4A2}.Release|Any CPU.ActiveCfg = Release|Any CPU
		{24A82FA5-BDDB-4997-AE3A-29D1CDF6E4A2}.Release|Any CPU.Build.0 = Release|Any CPU
	EndGlobalSection
	GlobalSection(SolutionProperties) = preSolution
		HideSolutionNode = FALSE
	EndGlobalSection
	GlobalSection(ExtensibilityGlobals) = postSolution
		SolutionGuid = {6B8E7835-5FE9-4F6B-9481-F9B6395B0308}
	EndGlobalSection
EndGlobal
